
Microsoft Visual Studio Solution File, Format Version 12.00
# Visual Studio Version 17
VisualStudioVersion = 17.3.32825.248
MinimumVisualStudioVersion = 10.0.40219.1
Project("{9A19103F-16F7-4668-BE54-9A1E7A4F7556}") = "Ecommerce16–NguyenVanLam16", "Ecommerce16–NguyenVanLam16\Ecommerce16–NguyenVanLam16.csproj", "{4C67CCC1-1738-4CA0-BFB7-C9C7707CAC0A}"
EndProject
Project("{9A19103F-16F7-4668-BE54-9A1E7A4F7556}") = "Ecommerce.DAL", "Ecommerce.DAL\Ecommerce.DAL.csproj", "{4D24358A-EAFF-417C-8C87-7CEFE772DE84}"
EndProject
Project("{9A19103F-16F7-4668-BE54-9A1E7A4F7556}") = "Ecommerce.BLL", "Ecommerce.BLL\Ecommerce.BLL.csproj", "{BECBB7DF-A65A-4663-B1ED-7510475E28FF}"
EndProject
Project("{9A19103F-16F7-4668-BE54-9A1E7A4F7556}") = "Ecommerce.Common", "Ecommerce.Common\Ecommerce.Common.csproj", "{5A086677-0893-4930-8B40-1EFA9DCE54B1}"
EndProject
Global
	GlobalSection(SolutionConfigurationPlatforms) = preSolution
		Debug|Any CPU = Debug|Any CPU
		Release|Any CPU = Release|Any CPU
	EndGlobalSection
	GlobalSection(ProjectConfigurationPlatforms) = postSolution
		{4C67CCC1-1738-4CA0-BFB7-C9C7707CAC0A}.Debug|Any CPU.ActiveCfg = Debug|Any CPU
		{4C67CCC1-1738-4CA0-BFB7-C9C7707CAC0A}.Debug|Any CPU.Build.0 = Debug|Any CPU
		{4C67CCC1-1738-4CA0-BFB7-C9C7707CAC0A}.Release|Any CPU.ActiveCfg = Release|Any CPU
		{4C67CCC1-1738-4CA0-BFB7-C9C7707CAC0A}.Release|Any CPU.Build.0 = Release|Any CPU
		{4D24358A-EAFF-417C-8C87-7CEFE772DE84}.Debug|Any CPU.ActiveCfg = Debug|Any CPU
		{4D24358A-EAFF-417C-8C87-7CEFE772DE84}.Debug|Any CPU.Build.0 = Debug|Any CPU
		{4D24358A-EAFF-417C-8C87-7CEFE772DE84}.Release|Any CPU.ActiveCfg = Release|Any CPU
		{4D24358A-EAFF-417C-8C87-7CEFE772DE84}.Release|Any CPU.Build.0 = Release|Any CPU
		{BECBB7DF-A65A-4663-B1ED-7510475E28FF}.Debug|Any CPU.ActiveCfg = Debug|Any CPU
		{BECBB7DF-A65A-4663-B1ED-7510475E28FF}.Debug|Any CPU.Build.0 = Debug|Any CPU
		{BECBB7DF-A65A-4663-B1ED-7510475E28FF}.Release|Any CPU.ActiveCfg = Release|Any CPU
		{BECBB7DF-A65A-4663-B1ED-7510475E28FF}.Release|Any CPU.Build.0 = Release|Any CPU
		{5A086677-0893-4930-8B40-1EFA9DCE54B1}.Debug|Any CPU.ActiveCfg = Debug|Any CPU
		{5A086677-0893-4930-8B40-1EFA9DCE54B1}.Debug|Any CPU.Build.0 = Debug|Any CPU
		{5A086677-0893-4930-8B40-1EFA9DCE54B1}.Release|Any CPU.ActiveCfg = Release|Any CPU
		{5A086677-0893-4930-8B40-1EFA9DCE54B1}.Release|Any CPU.Build.0 = Release|Any CPU
	EndGlobalSection
	GlobalSection(SolutionProperties) = preSolution
		HideSolutionNode = FALSE
	EndGlobalSection
	GlobalSection(ExtensibilityGlobals) = postSolution
		SolutionGuid = {46C07753-4603-407D-AB7A-A3CF7FE99242}
	EndGlobalSection
EndGlobal
